
Microsoft Visual Studio Solution File, Format Version 12.00
# Visual Studio Version 16
VisualStudioVersion = 16.0.29609.76
MinimumVisualStudioVersion = 10.0.40219.1
Project("{9A19103F-16F7-4668-BE54-9A1E7A4F7556}") = "WebStore.API", "WebStore\WebStore.API.csproj", "{028914B0-77E3-41C6-B93E-BBAD91D09296}"
EndProject
Project("{9A19103F-16F7-4668-BE54-9A1E7A4F7556}") = "WebStore.Core", "WebStore.Core\WebStore.Core.csproj", "{3C2D8BE9-A659-4B92-8EF2-DAC2D19B29AD}"
EndProject
Project("{9A19103F-16F7-4668-BE54-9A1E7A4F7556}") = "WebStore.DB", "WebStore.DB\WebStore.DB.csproj", "{3A77E2BD-AC26-4810-89B9-D6488C81C58A}"
EndProject
Project("{9A19103F-16F7-4668-BE54-9A1E7A4F7556}") = "WebStore.Repository", "WebStore.Repository\WebStore.Repository.csproj", "{A8C34477-BD55-4B4C-81B5-B5D3FB7CB814}"
EndProject
Global
	GlobalSection(SolutionConfigurationPlatforms) = preSolution
		Debug|Any CPU = Debug|Any CPU
		Release|Any CPU = Release|Any CPU
	EndGlobalSection
	GlobalSection(ProjectConfigurationPlatforms) = postSolution
		{028914B0-77E3-41C6-B93E-BBAD91D09296}.Debug|Any CPU.ActiveCfg = Debug|Any CPU
		{028914B0-77E3-41C6-B93E-BBAD91D09296}.Debug|Any CPU.Build.0 = Debug|Any CPU
		{028914B0-77E3-41C6-B93E-BBAD91D09296}.Release|Any CPU.ActiveCfg = Release|Any CPU
		{028914B0-77E3-41C6-B93E-BBAD91D09296}.Release|Any CPU.Build.0 = Release|Any CPU
		{3C2D8BE9-A659-4B92-8EF2-DAC2D19B29AD}.Debug|Any CPU.ActiveCfg = Debug|Any CPU
		{3C2D8BE9-A659-4B92-8EF2-DAC2D19B29AD}.Debug|Any CPU.Build.0 = Debug|Any CPU
		{3C2D8BE9-A659-4B92-8EF2-DAC2D19B29AD}.Release|Any CPU.ActiveCfg = Release|Any CPU
		{3C2D8BE9-A659-4B92-8EF2-DAC2D19B29AD}.Release|Any CPU.Build.0 = Release|Any CPU
		{3A77E2BD-AC26-4810-89B9-D6488C81C58A}.Debug|Any CPU.ActiveCfg = Debug|Any CPU
		{3A77E2BD-AC26-4810-89B9-D6488C81C58A}.Debug|Any CPU.Build.0 = Debug|Any CPU
		{3A77E2BD-AC26-4810-89B9-D6488C81C58A}.Release|Any CPU.ActiveCfg = Release|Any CPU
		{3A77E2BD-AC26-4810-89B9-D6488C81C58A}.Release|Any CPU.Build.0 = Release|Any CPU
		{A8C34477-BD55-4B4C-81B5-B5D3FB7CB814}.Debug|Any CPU.ActiveCfg = Debug|Any CPU
		{A8C34477-BD55-4B4C-81B5-B5D3FB7CB814}.Debug|Any CPU.Build.0 = Debug|Any CPU
		{A8C34477-BD55-4B4C-81B5-B5D3FB7CB814}.Release|Any CPU.ActiveCfg = Release|Any CPU
		{A8C34477-BD55-4B4C-81B5-B5D3FB7CB814}.Release|Any CPU.Build.0 = Release|Any CPU
	EndGlobalSection
	GlobalSection(SolutionProperties) = preSolution
		HideSolutionNode = FALSE
	EndGlobalSection
	GlobalSection(ExtensibilityGlobals) = postSolution
		SolutionGuid = {8D4CF657-8BD6-447B-BE98-F7C3AFF58168}
	EndGlobalSection
EndGlobal
